# DO NOT EDIT MANUALLY - Managed by Fern Replay
version: "1.0"
generations:
  - commit_sha: e0e3073d576b4e1eb1e6df45f6ecdc658b798468
    tree_hash: 3ad0cdb4490b45b5268a1da6b9bef8ba1d58375d
    timestamp: 2026-06-17T16:06:35.637Z
    cli_version: unknown
    generator_versions: {}
current_generation: e0e3073d576b4e1eb1e6df45f6ecdc658b798468
patches: []
